
Microsoft Visual Studio Solution File, Format Version 12.00
# Visual Studio Version 17
VisualStudioVersion = 17.7.34003.232
MinimumVisualStudioVersion = 10.0.40219.1
Project("{FAE04EC0-301F-11D3-BF4B-00C04F79EFBC}") = "Test.RideAnalyzer.Models", "Test.RideAnalyzer.Models\Test.RideAnalyzer.Models.csproj", "{B71A208E-E0DA-4012-B811-47B8D5BEBFF1}"
EndProject
Project("{FAE04EC0-301F-11D3-BF4B-00C04F79EFBC}") = "Test.RideAnalyzer.Data", "Test.RideAnalyzer.Data\Test.RideAnalyzer.Data.csproj", "{03BCC625-4B82-407A-A227-EAB5A581CFE1}"
EndProject
Project("{FAE04EC0-301F-11D3-BF4B-00C04F79EFBC}") = "Test.RideAnalyzer.Worker", "Test.RideAnalyzer.Worker\Test.RideAnalyzer.Worker.csproj", "{7C3264B2-EC4C-4CA5-B236-930C6C447798}"
EndProject
Project("{888888A0-9F3D-457C-B088-3A5042F75D52}") = "Test.RideAnalyzer.PWorker", "Test.RideAnalyzer.PWorker\Test.RideAnalyzer.PWorker.pyproj", "{034F3423-AD57-4FB3-96A5-41CD7F1E3946}"
EndProject
Global
	GlobalSection(SolutionConfigurationPlatforms) = preSolution
		Debug|Any CPU = Debug|Any CPU
		Release|Any CPU = Release|Any CPU
	EndGlobalSection
	GlobalSection(ProjectConfigurationPlatforms) = postSolution
		{B71A208E-E0DA-4012-B811-47B8D5BEBFF1}.Debug|Any CPU.ActiveCfg = Debug|Any CPU
		{B71A208E-E0DA-4012-B811-47B8D5BEBFF1}.Debug|Any CPU.Build.0 = Debug|Any CPU
		{B71A208E-E0DA-4012-B811-47B8D5BEBFF1}.Release|Any CPU.ActiveCfg = Release|Any CPU
		{B71A208E-E0DA-4012-B811-47B8D5BEBFF1}.Release|Any CPU.Build.0 = Release|Any CPU
		{03BCC625-4B82-407A-A227-EAB5A581CFE1}.Debug|Any CPU.ActiveCfg = Debug|Any CPU
		{03BCC625-4B82-407A-A227-EAB5A581CFE1}.Debug|Any CPU.Build.0 = Debug|Any CPU
		{03BCC625-4B82-407A-A227-EAB5A581CFE1}.Release|Any CPU.ActiveCfg = Release|Any CPU
		{03BCC625-4B82-407A-A227-EAB5A581CFE1}.Release|Any CPU.Build.0 = Release|Any CPU
		{7C3264B2-EC4C-4CA5-B236-930C6C447798}.Debug|Any CPU.ActiveCfg = Debug|Any CPU
		{7C3264B2-EC4C-4CA5-B236-930C6C447798}.Debug|Any CPU.Build.0 = Debug|Any CPU
		{7C3264B2-EC4C-4CA5-B236-930C6C447798}.Release|Any CPU.ActiveCfg = Release|Any CPU
		{7C3264B2-EC4C-4CA5-B236-930C6C447798}.Release|Any CPU.Build.0 = Release|Any CPU
		{034F3423-AD57-4FB3-96A5-41CD7F1E3946}.Debug|Any CPU.ActiveCfg = Debug|Any CPU
		{034F3423-AD57-4FB3-96A5-41CD7F1E3946}.Release|Any CPU.ActiveCfg = Release|Any CPU
	EndGlobalSection
	GlobalSection(SolutionProperties) = preSolution
		HideSolutionNode = FALSE
	EndGlobalSection
	GlobalSection(ExtensibilityGlobals) = postSolution
		SolutionGuid = {29BAC77A-2B83-4ADD-B9E7-65888ECEB1F4}
	EndGlobalSection
EndGlobal
